
Microsoft Visual Studio Solution File, Format Version 12.00
# Visual Studio Version 16
VisualStudioVersion = 16.0.29519.87
MinimumVisualStudioVersion = 10.0.40219.1
Project("{FAE04EC0-301F-11D3-BF4B-00C04F79EFBC}") = "SearchEngine", "SearchEngine\SearchEngine.csproj", "{0B6FAE1D-1A6C-44CC-A40F-02B4A59223EF}"
EndProject
Global
	GlobalSection(SolutionConfigurationPlatforms) = preSolution
		Debug|Any CPU = Debug|Any CPU
		Release|Any CPU = Release|Any CPU
	EndGlobalSection
	GlobalSection(ProjectConfigurationPlatforms) = postSolution
		{0B6FAE1D-1A6C-44CC-A40F-02B4A59223EF}.Debug|Any CPU.ActiveCfg = Debug|Any CPU
		{0B6FAE1D-1A6C-44CC-A40F-02B4A59223EF}.Debug|Any CPU.Build.0 = Debug|Any CPU
		{0B6FAE1D-1A6C-44CC-A40F-02B4A59223EF}.Release|Any CPU.ActiveCfg = Release|Any CPU
		{0B6FAE1D-1A6C-44CC-A40F-02B4A59223EF}.Release|Any CPU.Build.0 = Release|Any CPU
	EndGlobalSection
	GlobalSection(SolutionProperties) = preSolution
		HideSolutionNode = FALSE
	EndGlobalSection
	GlobalSection(ExtensibilityGlobals) = postSolution
		SolutionGuid = {844A2BB7-ADCA-4B2C-B756-9DB147312493}
	EndGlobalSection
EndGlobal
